<Solution>
  <Folder Name="/backend/">
    <Project Path="backend/TideReader.Backend.Tests/TideReader.Backend.Tests.csproj" />
    <Project Path="backend/TideReader.Backend/TideReader.Backend.csproj" />
  </Folder>
  <Folder Name="/desktop/">
    <Project Path="desktop/TideReader.Desktop/TideReader.Desktop.csproj" />
  </Folder>
</Solution>
